{
  "name": "example",
  "version": "1.0.0",
  "lockfileVersion": 2,
  "requires": true,
  "packages": {
    "": {
      "name": "example",
      "version": "1.0.0",
      "license": "ISC",
      "dependencies": {
        "star-core": "file:../lib"
      }
    },
    "../lib": {
      "version": "1.0.0",
      "license": "ISC"
    },
    "../lib/core": {
      "version": "1.0.0",
      "extraneous": true,
      "license": "ISC"
    },
    "node_modules/star-core": {
      "resolved": "../lib",
      "link": true
    }
  },
  "dependencies": {
    "star-core": {
      "version": "file:../lib"
    }
  }
}
